
Microsoft Visual Studio Solution File, Format Version 12.00
# Visual Studio Version 16
VisualStudioVersion = 16.0.30804.86
MinimumVisualStudioVersion = 10.0.40219.1
Project("{FAE04EC0-301F-11D3-BF4B-00C04F79EFBC}") = "web.Shop", "web.Shop\web.Shop.csproj", "{DDC63D9B-7F02-4821-B959-55877FEC1F9F}"
EndProject
Global
	GlobalSection(SolutionConfigurationPlatforms) = preSolution
		Debug|Any CPU = Debug|Any CPU
		Release|Any CPU = Release|Any CPU
	EndGlobalSection
	GlobalSection(ProjectConfigurationPlatforms) = postSolution
		{DDC63D9B-7F02-4821-B959-55877FEC1F9F}.Debug|Any CPU.ActiveCfg = Debug|Any CPU
		{DDC63D9B-7F02-4821-B959-55877FEC1F9F}.Debug|Any CPU.Build.0 = Debug|Any CPU
		{DDC63D9B-7F02-4821-B959-55877FEC1F9F}.Release|Any CPU.ActiveCfg = Release|Any CPU
		{DDC63D9B-7F02-4821-B959-55877FEC1F9F}.Release|Any CPU.Build.0 = Release|Any CPU
	EndGlobalSection
	GlobalSection(SolutionProperties) = preSolution
		HideSolutionNode = FALSE
	EndGlobalSection
	GlobalSection(ExtensibilityGlobals) = postSolution
		SolutionGuid = {E97EB12D-E0E9-4163-877C-0DAFEDBD49DB}
	EndGlobalSection
EndGlobal
